// !$*UTF8*$!
{
	archiveVersion = 1;
	classes = {
	};
	objectVersion = 56;
	objects = {

/* Begin PBXBuildFile section */
		07261AE02BBDDC55003581E4 /* AppDelegate.swift in Sources */ = {isa = PBXBuildFile; fileRef = 07261ADF2BBDDC55003581E4 /* AppDelegate.swift */; };
		07261AE22BBDDC55003581E4 /* SceneDelegate.swift in Sources */ = {isa = PBXBuildFile; fileRef = 07261AE12BBDDC55003581E4 /* SceneDelegate.swift */; };
		07261AE42BBDDC55003581E4 /* ViewController.swift in Sources */ = {isa = PBXBuildFile; fileRef = 07261AE32BBDDC55003581E4 /* ViewController.swift */; };
		07261AE92BBDDC57003581E4 /* Assets.xcassets in Resources */ = {isa = PBXBuildFile; fileRef = 07261AE82BBDDC57003581E4 /* Assets.xcassets */; };
		07261AF72BBDDC58003581E4 /* AesWebViewSampleTests.swift in Sources */ = {isa = PBXBuildFile; fileRef = 07261AF62BBDDC58003581E4 /* AesWebViewSampleTests.swift */; };
		07261B012BBDDC58003581E4 /* AesWebViewSampleUITests.swift in Sources */ = {isa = PBXBuildFile; fileRef = 07261B002BBDDC58003581E4 /* AesWebViewSampleUITests.swift */; };
		07261B032BBDDC58003581E4 /* AesWebViewSampleUITestsLaunchTests.swift in Sources */ = {isa = PBXBuildFile; fileRef = 07261B022BBDDC58003581E4 /* AesWebViewSampleUITestsLaunchTests.swift */; };
		07261B142BBDDF62003581E4 /* MainView.swift in Sources */ = {isa = PBXBuildFile; fileRef = 07261B132BBDDF62003581E4 /* MainView.swift */; };
		07261B162BBDE517003581E4 /* UIView+Extensions.swift in Sources */ = {isa = PBXBuildFile; fileRef = 07261B152BBDE517003581E4 /* UIView+Extensions.swift */; };
		07261B1D2BBE0829003581E4 /* CryptoSwift.framework in Frameworks */ = {isa = PBXBuildFile; fileRef = 07261B1C2BBE0829003581E4 /* CryptoSwift.framework */; };
		3DD5DC788520EB4563683FF5 /* Pods_AesWebViewSample_AesWebViewSampleUITests.framework in Frameworks */ = {isa = PBXBuildFile; fileRef = 10FCD373D55F0337E9237513 /* Pods_AesWebViewSample_AesWebViewSampleUITests.framework */; };
		C2ECB8E1ECA69D242D4AA34A /* Pods_AesWebViewSample.framework in Frameworks */ = {isa = PBXBuildFile; fileRef = 1B3A4BA009F5938C86DD95D9 /* Pods_AesWebViewSample.framework */; };
		D0DA5803DE593C1455ABDA6A /* Pods_AesWebViewSampleTests.framework in Frameworks */ = {isa = PBXBuildFile; fileRef = 1F4FB2F058E2CC5EAAEB9E6E /* Pods_AesWebViewSampleTests.framework */; };
/* End PBXBuildFile section */

/* Begin PBXContainerItemProxy section */
		07261AF32BBDDC58003581E4 /* PBXContainerItemProxy */ = {
			isa = PBXContainerItemProxy;
			containerPortal = 07261AD42BBDDC55003581E4 /* Project object */;
			proxyType = 1;
			remoteGlobalIDString = 07261ADB2BBDDC55003581E4;
			remoteInfo = AesWebViewSample;
		};
		07261AFD2BBDDC58003581E4 /* PBXContainerItemProxy */ = {
			isa = PBXContainerItemProxy;
			containerPortal = 07261AD42BBDDC55003581E4 /* Project object */;
			proxyType = 1;
			remoteGlobalIDString = 07261ADB2BBDDC55003581E4;
			remoteInfo = AesWebViewSample;
		};
/* End PBXContainerItemProxy section */

/* Begin PBXFileReference section */
		07261ADC2BBDDC55003581E4 /* AesWebViewSample.app */ = {isa = PBXFileReference; explicitFileType = wrapper.application; includeInIndex = 0; path = AesWebViewSample.app; sourceTree = BUILT_PRODUCTS_DIR; };
		07261ADF2BBDDC55003581E4 /* AppDelegate.swift */ = {isa = PBXFileReference; lastKnownFileType = sourcecode.swift; path = AppDelegate.swift; sourceTree = "<group>"; };
		07261AE12BBDDC55003581E4 /* SceneDelegate.swift */ = {isa = PBXFileReference; lastKnownFileType = sourcecode.swift; path = SceneDelegate.swift; sourceTree = "<group>"; };
		07261AE32BBDDC55003581E4 /* ViewController.swift */ = {isa = PBXFileReference; lastKnownFileType = sourcecode.swift; path = ViewController.swift; sourceTree = "<group>"; };
		07261AE82BBDDC57003581E4 /* Assets.xcassets */ = {isa = PBXFileReference; lastKnownFileType = folder.assetcatalog; path = Assets.xcassets; sourceTree = "<group>"; };
		07261AED2BBDDC57003581E4 /* Info.plist */ = {isa = PBXFileReference; lastKnownFileType = text.plist.xml; path = Info.plist; sourceTree = "<group>"; };
		07261AF22BBDDC58003581E4 /* AesWebViewSampleTests.xctest */ = {isa = PBXFileReference; explicitFileType = wrapper.cfbundle; includeInIndex = 0; path = AesWebViewSampleTests.xctest; sourceTree = BUILT_PRODUCTS_DIR; };
		07261AF62BBDDC58003581E4 /* AesWebViewSampleTests.swift */ = {isa = PBXFileReference; lastKnownFileType = sourcecode.swift; path = AesWebViewSampleTests.swift; sourceTree = "<group>"; };
		07261AFC2BBDDC58003581E4 /* AesWebViewSampleUITests.xctest */ = {isa = PBXFileReference; explicitFileType = wrapper.cfbundle; includeInIndex = 0; path = AesWebViewSampleUITests.xctest; sourceTree = BUILT_PRODUCTS_DIR; };
		07261B002BBDDC58003581E4 /* AesWebViewSampleUITests.swift */ = {isa = PBXFileReference; lastKnownFileType = sourcecode.swift; path = AesWebViewSampleUITests.swift; sourceTree = "<group>"; };
		07261B022BBDDC58003581E4 /* AesWebViewSampleUITestsLaunchTests.swift */ = {isa = PBXFileReference; lastKnownFileType = sourcecode.swift; path = AesWebViewSampleUITestsLaunchTests.swift; sourceTree = "<group>"; };
		07261B132BBDDF62003581E4 /* MainView.swift */ = {isa = PBXFileReference; lastKnownFileType = sourcecode.swift; path = MainView.swift; sourceTree = "<group>"; };
		07261B152BBDE517003581E4 /* UIView+Extensions.swift */ = {isa = PBXFileReference; lastKnownFileType = sourcecode.swift; path = "UIView+Extensions.swift"; sourceTree = "<group>"; };
		07261B192BBDF0DB003581E4 /* module.map.modulemap */ = {isa = PBXFileReference; lastKnownFileType = "sourcecode.module-map"; path = module.map.modulemap; sourceTree = "<group>"; };
		07261B1A2BBDF32B003581E4 /* CommonCrypto.framework */ = {isa = PBXFileReference; explicitFileType = wrapper.framework; path = CommonCrypto.framework; sourceTree = BUILT_PRODUCTS_DIR; };
		07261B1C2BBE0829003581E4 /* CryptoSwift.framework */ = {isa = PBXFileReference; explicitFileType = wrapper.framework; path = CryptoSwift.framework; sourceTree = BUILT_PRODUCTS_DIR; };
		10FCD373D55F0337E9237513 /* Pods_AesWebViewSample_AesWebViewSampleUITests.framework */ = {isa = PBXFileReference; explicitFileType = wrapper.framework; includeInIndex = 0; path = Pods_AesWebViewSample_AesWebViewSampleUITests.framework; sourceTree = BUILT_PRODUCTS_DIR; };
		125BD110152FE356D8AC4DA2 /* Pods-AesWebViewSampleTests.debug.xcconfig */ = {isa = PBXFileReference; includeInIndex = 1; lastKnownFileType = text.xcconfig; name = "Pods-AesWebViewSampleTests.debug.xcconfig"; path = "Target Support Files/Pods-AesWebViewSampleTests/Pods-AesWebViewSampleTests.debug.xcconfig"; sourceTree = "<group>"; };
		1B3A4BA009F5938C86DD95D9 /* Pods_AesWebViewSample.framework */ = {isa = PBXFileReference; explicitFileType = wrapper.framework; includeInIndex = 0; path = Pods_AesWebViewSample.framework; sourceTree = BUILT_PRODUCTS_DIR; };
		1F4FB2F058E2CC5EAAEB9E6E /* Pods_AesWebViewSampleTests.framework */ = {isa = PBXFileReference; explicitFileType = wrapper.framework; includeInIndex = 0; path = Pods_AesWebViewSampleTests.framework; sourceTree = BUILT_PRODUCTS_DIR; };
		94AEC3C5FAFD56E7361E544A /* Pods-AesWebViewSample-AesWebViewSampleUITests.debug.xcconfig */ = {isa = PBXFileReference; includeInIndex = 1; lastKnownFileType = text.xcconfig; name = "Pods-AesWebViewSample-AesWebViewSampleUITests.debug.xcconfig"; path = "Target Support Files/Pods-AesWebViewSample-AesWebViewSampleUITests/Pods-AesWebViewSample-AesWebViewSampleUITests.debug.xcconfig"; sourceTree = "<group>"; };
		9CBAC1CB36BFCAF737CE65DD /* Pods-AesWebViewSampleTests.release.xcconfig */ = {isa = PBXFileReference; includeInIndex = 1; lastKnownFileType = text.xcconfig; name = "Pods-AesWebViewSampleTests.release.xcconfig"; path = "Target Support Files/Pods-AesWebViewSampleTests/Pods-AesWebViewSampleTests.release.xcconfig"; sourceTree = "<group>"; };
		C825DDABD81443155172610F /* Pods-AesWebViewSample-AesWebViewSampleUITests.release.xcconfig */ = {isa = PBXFileReference; includeInIndex = 1; lastKnownFileType = text.xcconfig; name = "Pods-AesWebViewSample-AesWebViewSampleUITests.release.xcconfig"; path = "Target Support Files/Pods-AesWebViewSample-AesWebViewSampleUITests/Pods-AesWebViewSample-AesWebViewSampleUITests.release.xcconfig"; sourceTree = "<group>"; };
		D88EBF3A68D9DE80D286EEB0 /* Pods-AesWebViewSample.debug.xcconfig */ = {isa = PBXFileReference; includeInIndex = 1; lastKnownFileType = text.xcconfig; name = "Pods-AesWebViewSample.debug.xcconfig"; path = "Target Support Files/Pods-AesWebViewSample/Pods-AesWebViewSample.debug.xcconfig"; sourceTree = "<group>"; };
		FAB8F4BE7662776DBC765BA8 /* Pods-AesWebViewSample.release.xcconfig */ = {isa = PBXFileReference; includeInIndex = 1; lastKnownFileType = text.xcconfig; name = "Pods-AesWebViewSample.release.xcconfig"; path = "Target Support Files/Pods-AesWebViewSample/Pods-AesWebViewSample.release.xcconfig"; sourceTree = "<group>"; };
/* End PBXFileReference section */

/* Begin PBXFrameworksBuildPhase section */
		07261AD92BBDDC55003581E4 /* Frameworks */ = {
			isa = PBXFrameworksBuildPhase;
			buildActionMask = 2147483647;
			files = (
				07261B1D2BBE0829003581E4 /* CryptoSwift.framework in Frameworks */,
				C2ECB8E1ECA69D242D4AA34A /* Pods_AesWebViewSample.framework in Frameworks */,
			);
			runOnlyForDeploymentPostprocessing = 0;
		};
		07261AEF2BBDDC58003581E4 /* Frameworks */ = {
			isa = PBXFrameworksBuildPhase;
			buildActionMask = 2147483647;
			files = (
				D0DA5803DE593C1455ABDA6A /* Pods_AesWebViewSampleTests.framework in Frameworks */,
			);
			runOnlyForDeploymentPostprocessing = 0;
		};
		07261AF92BBDDC58003581E4 /* Frameworks */ = {
			isa = PBXFrameworksBuildPhase;
			buildActionMask = 2147483647;
			files = (
				3DD5DC788520EB4563683FF5 /* Pods_AesWebViewSample_AesWebViewSampleUITests.framework in Frameworks */,
			);
			runOnlyForDeploymentPostprocessing = 0;
		};
/* End PBXFrameworksBuildPhase section */

/* Begin PBXGroup section */
		07261AD32BBDDC55003581E4 = {
			isa = PBXGroup;
			children = (
				07261ADE2BBDDC55003581E4 /* AesWebViewSample */,
				07261AF52BBDDC58003581E4 /* AesWebViewSampleTests */,
				07261AFF2BBDDC58003581E4 /* AesWebViewSampleUITests */,
				07261ADD2BBDDC55003581E4 /* Products */,
				88EB6ED2A2FED3C8F66C6CFB /* Pods */,
				9E1954E5304D84CE70F09CF9 /* Frameworks */,
			);
			sourceTree = "<group>";
		};
		07261ADD2BBDDC55003581E4 /* Products */ = {
			isa = PBXGroup;
			children = (
				07261ADC2BBDDC55003581E4 /* AesWebViewSample.app */,
				07261AF22BBDDC58003581E4 /* AesWebViewSampleTests.xctest */,
				07261AFC2BBDDC58003581E4 /* AesWebViewSampleUITests.xctest */,
			);
			name = Products;
			sourceTree = "<group>";
		};
		07261ADE2BBDDC55003581E4 /* AesWebViewSample */ = {
			isa = PBXGroup;
			children = (
				07261B172BBDF0B2003581E4 /* CommonCrypto */,
				07261B122BBDDF40003581E4 /* Resources */,
				07261B112BBDDF26003581E4 /* Core */,
				07261B102BBDDF17003581E4 /* ViewControllers */,
				07261B0F2BBDDF0F003581E4 /* Views */,
			);
			path = AesWebViewSample;
			sourceTree = "<group>";
		};
		07261AF52BBDDC58003581E4 /* AesWebViewSampleTests */ = {
			isa = PBXGroup;
			children = (
				07261AF62BBDDC58003581E4 /* AesWebViewSampleTests.swift */,
			);
			path = AesWebViewSampleTests;
			sourceTree = "<group>";
		};
		07261AFF2BBDDC58003581E4 /* AesWebViewSampleUITests */ = {
			isa = PBXGroup;
			children = (
				07261B002BBDDC58003581E4 /* AesWebViewSampleUITests.swift */,
				07261B022BBDDC58003581E4 /* AesWebViewSampleUITestsLaunchTests.swift */,
			);
			path = AesWebViewSampleUITests;
			sourceTree = "<group>";
		};
		07261B0F2BBDDF0F003581E4 /* Views */ = {
			isa = PBXGroup;
			children = (
				07261B132BBDDF62003581E4 /* MainView.swift */,
			);
			path = Views;
			sourceTree = "<group>";
		};
		07261B102BBDDF17003581E4 /* ViewControllers */ = {
			isa = PBXGroup;
			children = (
				07261AE32BBDDC55003581E4 /* ViewController.swift */,
			);
			path = ViewControllers;
			sourceTree = "<group>";
		};
		07261B112BBDDF26003581E4 /* Core */ = {
			isa = PBXGroup;
			children = (
				07261ADF2BBDDC55003581E4 /* AppDelegate.swift */,
				07261AE12BBDDC55003581E4 /* SceneDelegate.swift */,
				07261B152BBDE517003581E4 /* UIView+Extensions.swift */,
			);
			path = Core;
			sourceTree = "<group>";
		};
		07261B122BBDDF40003581E4 /* Resources */ = {
			isa = PBXGroup;
			children = (
				07261AED2BBDDC57003581E4 /* Info.plist */,
				07261AE82BBDDC57003581E4 /* Assets.xcassets */,
			);
			path = Resources;
			sourceTree = "<group>";
		};
		07261B172BBDF0B2003581E4 /* CommonCrypto */ = {
			isa = PBXGroup;
			children = (
				07261B192BBDF0DB003581E4 /* module.map.modulemap */,
			);
			path = CommonCrypto;
			sourceTree = "<group>";
		};
		88EB6ED2A2FED3C8F66C6CFB /* Pods */ = {
			isa = PBXGroup;
			children = (
				D88EBF3A68D9DE80D286EEB0 /* Pods-AesWebViewSample.debug.xcconfig */,
				FAB8F4BE7662776DBC765BA8 /* Pods-AesWebViewSample.release.xcconfig */,
				94AEC3C5FAFD56E7361E544A /* Pods-AesWebViewSample-AesWebViewSampleUITests.debug.xcconfig */,
				C825DDABD81443155172610F /* Pods-AesWebViewSample-AesWebViewSampleUITests.release.xcconfig */,
				125BD110152FE356D8AC4DA2 /* Pods-AesWebViewSampleTests.debug.xcconfig */,
				9CBAC1CB36BFCAF737CE65DD /* Pods-AesWebViewSampleTests.release.xcconfig */,
			);
			path = Pods;
			sourceTree = "<group>";
		};
		9E1954E5304D84CE70F09CF9 /* Frameworks */ = {
			isa = PBXGroup;
			children = (
				07261B1C2BBE0829003581E4 /* CryptoSwift.framework */,
				07261B1A2BBDF32B003581E4 /* CommonCrypto.framework */,
				1B3A4BA009F5938C86DD95D9 /* Pods_AesWebViewSample.framework */,
				10FCD373D55F0337E9237513 /* Pods_AesWebViewSample_AesWebViewSampleUITests.framework */,
				1F4FB2F058E2CC5EAAEB9E6E /* Pods_AesWebViewSampleTests.framework */,
			);
			name = Frameworks;
			sourceTree = "<group>";
		};
/* End PBXGroup section */

/* Begin PBXNativeTarget section */
		07261ADB2BBDDC55003581E4 /* AesWebViewSample */ = {
			isa = PBXNativeTarget;
			buildConfigurationList = 07261B062BBDDC58003581E4 /* Build configuration list for PBXNativeTarget "AesWebViewSample" */;
			buildPhases = (
				D2B93010855948F0C48D9440 /* [CP] Check Pods Manifest.lock */,
				07261AD82BBDDC55003581E4 /* Sources */,
				07261AD92BBDDC55003581E4 /* Frameworks */,
				07261ADA2BBDDC55003581E4 /* Resources */,
				E06EDFA0CFCCFE2214062164 /* [CP] Embed Pods Frameworks */,
			);
			buildRules = (
			);
			dependencies = (
			);
			name = AesWebViewSample;
			productName = AesWebViewSample;
			productReference = 07261ADC2BBDDC55003581E4 /* AesWebViewSample.app */;
			productType = "com.apple.product-type.application";
		};
		07261AF12BBDDC58003581E4 /* AesWebViewSampleTests */ = {
			isa = PBXNativeTarget;
			buildConfigurationList = 07261B092BBDDC58003581E4 /* Build configuration list for PBXNativeTarget "AesWebViewSampleTests" */;
			buildPhases = (
				A14C0FA92783204FCC44AC89 /* [CP] Check Pods Manifest.lock */,
				07261AEE2BBDDC58003581E4 /* Sources */,
				07261AEF2BBDDC58003581E4 /* Frameworks */,
				07261AF02BBDDC58003581E4 /* Resources */,
			);
			buildRules = (
			);
			dependencies = (
				07261AF42BBDDC58003581E4 /* PBXTargetDependency */,
			);
			name = AesWebViewSampleTests;
			productName = AesWebViewSampleTests;
			productReference = 07261AF22BBDDC58003581E4 /* AesWebViewSampleTests.xctest */;
			productType = "com.apple.product-type.bundle.unit-test";
		};
		07261AFB2BBDDC58003581E4 /* AesWebViewSampleUITests */ = {
			isa = PBXNativeTarget;
			buildConfigurationList = 07261B0C2BBDDC58003581E4 /* Build configuration list for PBXNativeTarget "AesWebViewSampleUITests" */;
			buildPhases = (
				571E74F11900502742A394BE /* [CP] Check Pods Manifest.lock */,
				07261AF82BBDDC58003581E4 /* Sources */,
				07261AF92BBDDC58003581E4 /* Frameworks */,
				07261AFA2BBDDC58003581E4 /* Resources */,
				06D22203F60FA84B67439AC9 /* [CP] Embed Pods Frameworks */,
			);
			buildRules = (
			);
			dependencies = (
				07261AFE2BBDDC58003581E4 /* PBXTargetDependency */,
			);
			name = AesWebViewSampleUITests;
			productName = AesWebViewSampleUITests;
			productReference = 07261AFC2BBDDC58003581E4 /* AesWebViewSampleUITests.xctest */;
			productType = "com.apple.product-type.bundle.ui-testing";
		};
/* End PBXNativeTarget section */

/* Begin PBXProject section */
		07261AD42BBDDC55003581E4 /* Project object */ = {
			isa = PBXProject;
			attributes = {
				BuildIndependentTargetsInParallel = 1;
				LastSwiftUpdateCheck = 1530;
				LastUpgradeCheck = 1530;
				TargetAttributes = {
					07261ADB2BBDDC55003581E4 = {
						CreatedOnToolsVersion = 15.3;
					};
					07261AF12BBDDC58003581E4 = {
						CreatedOnToolsVersion = 15.3;
						TestTargetID = 07261ADB2BBDDC55003581E4;
					};
					07261AFB2BBDDC58003581E4 = {
						CreatedOnToolsVersion = 15.3;
						TestTargetID = 07261ADB2BBDDC55003581E4;
					};
				};
			};
			buildConfigurationList = 07261AD72BBDDC55003581E4 /* Build configuration list for PBXProject "AesWebViewSample" */;
			compatibilityVersion = "Xcode 14.0";
			developmentRegion = en;
			hasScannedForEncodings = 0;
			knownRegions = (
				en,
				Base,
			);
			mainGroup = 07261AD32BBDDC55003581E4;
			productRefGroup = 07261ADD2BBDDC55003581E4 /* Products */;
			projectDirPath = "";
			projectRoot = "";
			targets = (
				07261ADB2BBDDC55003581E4 /* AesWebViewSample */,
				07261AF12BBDDC58003581E4 /* AesWebViewSampleTests */,
				07261AFB2BBDDC58003581E4 /* AesWebViewSampleUITests */,
			);
		};
/* End PBXProject section */

/* Begin PBXResourcesBuildPhase section */
		07261ADA2BBDDC55003581E4 /* Resources */ = {
			isa = PBXResourcesBuildPhase;
			buildActionMask = 2147483647;
			files = (
				07261AE92BBDDC57003581E4 /* Assets.xcassets in Resources */,
			);
			runOnlyForDeploymentPostprocessing = 0;
		};
		07261AF02BBDDC58003581E4 /* Resources */ = {
			isa = PBXResourcesBuildPhase;
			buildActionMask = 2147483647;
			files = (
			);
			runOnlyForDeploymentPostprocessing = 0;
		};
		07261AFA2BBDDC58003581E4 /* Resources */ = {
			isa = PBXResourcesBuildPhase;
			buildActionMask = 2147483647;
			files = (
			);
			runOnlyForDeploymentPostprocessing = 0;
		};
/* End PBXResourcesBuildPhase section */

/* Begin PBXShellScriptBuildPhase section */
		06D22203F60FA84B67439AC9 /* [CP] Embed Pods Frameworks */ = {
			isa = PBXShellScriptBuildPhase;
			buildActionMask = 2147483647;
			files = (
			);
			inputFileListPaths = (
				"${PODS_ROOT}/Target Support Files/Pods-AesWebViewSample-AesWebViewSampleUITests/Pods-AesWebViewSample-AesWebViewSampleUITests-frameworks-${CONFIGURATION}-input-files.xcfilelist",
			);
			name = "[CP] Embed Pods Frameworks";
			outputFileListPaths = (
				"${PODS_ROOT}/Target Support Files/Pods-AesWebViewSample-AesWebViewSampleUITests/Pods-AesWebViewSample-AesWebViewSampleUITests-frameworks-${CONFIGURATION}-output-files.xcfilelist",
			);
			runOnlyForDeploymentPostprocessing = 0;
			shellPath = /bin/sh;
			shellScript = "\"${PODS_ROOT}/Target Support Files/Pods-AesWebViewSample-AesWebViewSampleUITests/Pods-AesWebViewSample-AesWebViewSampleUITests-frameworks.sh\"\n";
			showEnvVarsInLog = 0;
		};
		571E74F11900502742A394BE /* [CP] Check Pods Manifest.lock */ = {
			isa = PBXShellScriptBuildPhase;
			buildActionMask = 2147483647;
			files = (
			);
			inputFileListPaths = (
			);
			inputPaths = (
				"${PODS_PODFILE_DIR_PATH}/Podfile.lock",
				"${PODS_ROOT}/Manifest.lock",
			);
			name = "[CP] Check Pods Manifest.lock";
			outputFileListPaths = (
			);
			outputPaths = (
				"$(DERIVED_FILE_DIR)/Pods-AesWebViewSample-AesWebViewSampleUITests-checkManifestLockResult.txt",
			);
			runOnlyForDeploymentPostprocessing = 0;
			shellPath = /bin/sh;
			shellScript = "diff \"${PODS_PODFILE_DIR_PATH}/Podfile.lock\" \"${PODS_ROOT}/Manifest.lock\" > /dev/null\nif [ $? != 0 ] ; then\n    # print error to STDERR\n    echo \"error: The sandbox is not in sync with the Podfile.lock. Run 'pod install' or update your CocoaPods installation.\" >&2\n    exit 1\nfi\n# This output is used by Xcode 'outputs' to avoid re-running this script phase.\necho \"SUCCESS\" > \"${SCRIPT_OUTPUT_FILE_0}\"\n";
			showEnvVarsInLog = 0;
		};
		A14C0FA92783204FCC44AC89 /* [CP] Check Pods Manifest.lock */ = {
			isa = PBXShellScriptBuildPhase;
			buildActionMask = 2147483647;
			files = (
			);
			inputFileListPaths = (
			);
			inputPaths = (
				"${PODS_PODFILE_DIR_PATH}/Podfile.lock",
				"${PODS_ROOT}/Manifest.lock",
			);
			name = "[CP] Check Pods Manifest.lock";
			outputFileListPaths = (
			);
			outputPaths = (
				"$(DERIVED_FILE_DIR)/Pods-AesWebViewSampleTests-checkManifestLockResult.txt",
			);
			runOnlyForDeploymentPostprocessing = 0;
			shellPath = /bin/sh;
			shellScript = "diff \"${PODS_PODFILE_DIR_PATH}/Podfile.lock\" \"${PODS_ROOT}/Manifest.lock\" > /dev/null\nif [ $? != 0 ] ; then\n    # print error to STDERR\n    echo \"error: The sandbox is not in sync with the Podfile.lock. Run 'pod install' or update your CocoaPods installation.\" >&2\n    exit 1\nfi\n# This output is used by Xcode 'outputs' to avoid re-running this script phase.\necho \"SUCCESS\" > \"${SCRIPT_OUTPUT_FILE_0}\"\n";
			showEnvVarsInLog = 0;
		};
		D2B93010855948F0C48D9440 /* [CP] Check Pods Manifest.lock */ = {
			isa = PBXShellScriptBuildPhase;
			buildActionMask = 2147483647;
			files = (
			);
			inputFileListPaths = (
			);
			inputPaths = (
				"${PODS_PODFILE_DIR_PATH}/Podfile.lock",
				"${PODS_ROOT}/Manifest.lock",
			);
			name = "[CP] Check Pods Manifest.lock";
			outputFileListPaths = (
			);
			outputPaths = (
				"$(DERIVED_FILE_DIR)/Pods-AesWebViewSample-checkManifestLockResult.txt",
			);
			runOnlyForDeploymentPostprocessing = 0;
			shellPath = /bin/sh;
			shellScript = "diff \"${PODS_PODFILE_DIR_PATH}/Podfile.lock\" \"${PODS_ROOT}/Manifest.lock\" > /dev/null\nif [ $? != 0 ] ; then\n    # print error to STDERR\n    echo \"error: The sandbox is not in sync with the Podfile.lock. Run 'pod install' or update your CocoaPods installation.\" >&2\n    exit 1\nfi\n# This output is used by Xcode 'outputs' to avoid re-running this script phase.\necho \"SUCCESS\" > \"${SCRIPT_OUTPUT_FILE_0}\"\n";
			showEnvVarsInLog = 0;
		};
		E06EDFA0CFCCFE2214062164 /* [CP] Embed Pods Frameworks */ = {
			isa = PBXShellScriptBuildPhase;
			buildActionMask = 2147483647;
			files = (
			);
			inputFileListPaths = (
				"${PODS_ROOT}/Target Support Files/Pods-AesWebViewSample/Pods-AesWebViewSample-frameworks-${CONFIGURATION}-input-files.xcfilelist",
			);
			name = "[CP] Embed Pods Frameworks";
			outputFileListPaths = (
				"${PODS_ROOT}/Target Support Files/Pods-AesWebViewSample/Pods-AesWebViewSample-frameworks-${CONFIGURATION}-output-files.xcfilelist",
			);
			runOnlyForDeploymentPostprocessing = 0;
			shellPath = /bin/sh;
			shellScript = "\"${PODS_ROOT}/Target Support Files/Pods-AesWebViewSample/Pods-AesWebViewSample-frameworks.sh\"\n";
			showEnvVarsInLog = 0;
		};
/* End PBXShellScriptBuildPhase section */

/* Begin PBXSourcesBuildPhase section */
		07261AD82BBDDC55003581E4 /* Sources */ = {
			isa = PBXSourcesBuildPhase;
			buildActionMask = 2147483647;
			files = (
				07261AE42BBDDC55003581E4 /* ViewController.swift in Sources */,
				07261B142BBDDF62003581E4 /* MainView.swift in Sources */,
				07261B162BBDE517003581E4 /* UIView+Extensions.swift in Sources */,
				07261AE02BBDDC55003581E4 /* AppDelegate.swift in Sources */,
				07261AE22BBDDC55003581E4 /* SceneDelegate.swift in Sources */,
			);
			runOnlyForDeploymentPostprocessing = 0;
		};
		07261AEE2BBDDC58003581E4 /* Sources */ = {
			isa = PBXSourcesBuildPhase;
			buildActionMask = 2147483647;
			files = (
				07261AF72BBDDC58003581E4 /* AesWebViewSampleTests.swift in Sources */,
			);
			runOnlyForDeploymentPostprocessing = 0;
		};
		07261AF82BBDDC58003581E4 /* Sources */ = {
			isa = PBXSourcesBuildPhase;
			buildActionMask = 2147483647;
			files = (
				07261B032BBDDC58003581E4 /* AesWebViewSampleUITestsLaunchTests.swift in Sources */,
				07261B012BBDDC58003581E4 /* AesWebViewSampleUITests.swift in Sources */,
			);
			runOnlyForDeploymentPostprocessing = 0;
		};
/* End PBXSourcesBuildPhase section */

/* Begin PBXTargetDependency section */
		07261AF42BBDDC58003581E4 /* PBXTargetDependency */ = {
			isa = PBXTargetDependency;
			target = 07261ADB2BBDDC55003581E4 /* AesWebViewSample */;
			targetProxy = 07261AF32BBDDC58003581E4 /* PBXContainerItemProxy */;
		};
		07261AFE2BBDDC58003581E4 /* PBXTargetDependency */ = {
			isa = PBXTargetDependency;
			target = 07261ADB2BBDDC55003581E4 /* AesWebViewSample */;
			targetProxy = 07261AFD2BBDDC58003581E4 /* PBXContainerItemProxy */;
		};
/* End PBXTargetDependency section */

/* Begin XCBuildConfiguration section */
		07261B042BBDDC58003581E4 /* Debug */ = {
			isa = XCBuildConfiguration;
			buildSettings = {
				ALWAYS_SEARCH_USER_PATHS = NO;
				ASSETCATALOG_COMPILER_GENERATE_SWIFT_ASSET_SYMBOL_EXTENSIONS = YES;
				CLANG_ANALYZER_NONNULL = YES;
				CLANG_ANALYZER_NUMBER_OBJECT_CONVERSION = YES_AGGRESSIVE;
				CLANG_CXX_LANGUAGE_STANDARD = "gnu++20";
				CLANG_ENABLE_MODULES = YES;
				CLANG_ENABLE_OBJC_ARC = YES;
				CLANG_ENABLE_OBJC_WEAK = YES;
				CLANG_WARN_BLOCK_CAPTURE_AUTORELEASING = YES;
				CLANG_WARN_BOOL_CONVERSION = YES;
				CLANG_WARN_COMMA = YES;
				CLANG_WARN_CONSTANT_CONVERSION = YES;
				CLANG_WARN_DEPRECATED_OBJC_IMPLEMENTATIONS = YES;
				CLANG_WARN_DIRECT_OBJC_ISA_USAGE = YES_ERROR;
				CLANG_WARN_DOCUMENTATION_COMMENTS = YES;
				CLANG_WARN_EMPTY_BODY = YES;
				CLANG_WARN_ENUM_CONVERSION = YES;
				CLANG_WARN_INFINITE_RECURSION = YES;
				CLANG_WARN_INT_CONVERSION = YES;
				CLANG_WARN_NON_LITERAL_NULL_CONVERSION = YES;
				CLANG_WARN_OBJC_IMPLICIT_RETAIN_SELF = YES;
				CLANG_WARN_OBJC_LITERAL_CONVERSION = YES;
				CLANG_WARN_OBJC_ROOT_CLASS = YES_ERROR;
				CLANG_WARN_QUOTED_INCLUDE_IN_FRAMEWORK_HEADER = YES;
				CLANG_WARN_RANGE_LOOP_ANALYSIS = YES;
				CLANG_WARN_STRICT_PROTOTYPES = YES;
				CLANG_WARN_SUSPICIOUS_MOVE = YES;
				CLANG_WARN_UNGUARDED_AVAILABILITY = YES_AGGRESSIVE;
				CLANG_WARN_UNREACHABLE_CODE = YES;
				CLANG_WARN__DUPLICATE_METHOD_MATCH = YES;
				COPY_PHASE_STRIP = NO;
				DEBUG_INFORMATION_FORMAT = dwarf;
				ENABLE_STRICT_OBJC_MSGSEND = YES;
				ENABLE_TESTABILITY = YES;
				ENABLE_USER_SCRIPT_SANDBOXING = NO;
				GCC_C_LANGUAGE_STANDARD = gnu17;
				GCC_DYNAMIC_NO_PIC = NO;
				GCC_NO_COMMON_BLOCKS = YES;
				GCC_OPTIMIZATION_LEVEL = 0;
				GCC_PREPROCESSOR_DEFINITIONS = (
					"DEBUG=1",
					"$(inherited)",
				);
				GCC_WARN_64_TO_32_BIT_CONVERSION = YES;
				GCC_WARN_ABOUT_RETURN_TYPE = YES_ERROR;
				GCC_WARN_UNDECLARED_SELECTOR = YES;
				GCC_WARN_UNINITIALIZED_AUTOS = YES_AGGRESSIVE;
				GCC_WARN_UNUSED_FUNCTION = YES;
				GCC_WARN_UNUSED_VARIABLE = YES;
				IPHONEOS_DEPLOYMENT_TARGET = 17.4;
				LOCALIZATION_PREFERS_STRING_CATALOGS = YES;
				MTL_ENABLE_DEBUG_INFO = INCLUDE_SOURCE;
				MTL_FAST_MATH = YES;
				ONLY_ACTIVE_ARCH = YES;
				SDKROOT = iphoneos;
				SWIFT_ACTIVE_COMPILATION_CONDITIONS = "DEBUG $(inherited)";
				SWIFT_OPTIMIZATION_LEVEL = "-Onone";
			};
			name = Debug;
		};
		07261B052BBDDC58003581E4 /* Release */ = {
			isa = XCBuildConfiguration;
			buildSettings = {
				ALWAYS_SEARCH_USER_PATHS = NO;
				ASSETCATALOG_COMPILER_GENERATE_SWIFT_ASSET_SYMBOL_EXTENSIONS = YES;
				CLANG_ANALYZER_NONNULL = YES;
				CLANG_ANALYZER_NUMBER_OBJECT_CONVERSION = YES_AGGRESSIVE;
				CLANG_CXX_LANGUAGE_STANDARD = "gnu++20";
				CLANG_ENABLE_MODULES = YES;
				CLANG_ENABLE_OBJC_ARC = YES;
				CLANG_ENABLE_OBJC_WEAK = YES;
				CLANG_WARN_BLOCK_CAPTURE_AUTORELEASING = YES;
				CLANG_WARN_BOOL_CONVERSION = YES;
				CLANG_WARN_COMMA = YES;
				CLANG_WARN_CONSTANT_CONVERSION = YES;
				CLANG_WARN_DEPRECATED_OBJC_IMPLEMENTATIONS = YES;
				CLANG_WARN_DIRECT_OBJC_ISA_USAGE = YES_ERROR;
				CLANG_WARN_DOCUMENTATION_COMMENTS = YES;
				CLANG_WARN_EMPTY_BODY = YES;
				CLANG_WARN_ENUM_CONVERSION = YES;
				CLANG_WARN_INFINITE_RECURSION = YES;
				CLANG_WARN_INT_CONVERSION = YES;
				CLANG_WARN_NON_LITERAL_NULL_CONVERSION = YES;
				CLANG_WARN_OBJC_IMPLICIT_RETAIN_SELF = YES;
				CLANG_WARN_OBJC_LITERAL_CONVERSION = YES;
				CLANG_WARN_OBJC_ROOT_CLASS = YES_ERROR;
				CLANG_WARN_QUOTED_INCLUDE_IN_FRAMEWORK_HEADER = YES;
				CLANG_WARN_RANGE_LOOP_ANALYSIS = YES;
				CLANG_WARN_STRICT_PROTOTYPES = YES;
				CLANG_WARN_SUSPICIOUS_MOVE = YES;
				CLANG_WARN_UNGUARDED_AVAILABILITY = YES_AGGRESSIVE;
				CLANG_WARN_UNREACHABLE_CODE = YES;
				CLANG_WARN__DUPLICATE_METHOD_MATCH = YES;
				COPY_PHASE_STRIP = NO;
				DEBUG_INFORMATION_FORMAT = "dwarf-with-dsym";
				ENABLE_NS_ASSERTIONS = NO;
				ENABLE_STRICT_OBJC_MSGSEND = YES;
				ENABLE_USER_SCRIPT_SANDBOXING = NO;
				GCC_C_LANGUAGE_STANDARD = gnu17;
				GCC_NO_COMMON_BLOCKS = YES;
				GCC_WARN_64_TO_32_BIT_CONVERSION = YES;
				GCC_WARN_ABOUT_RETURN_TYPE = YES_ERROR;
				GCC_WARN_UNDECLARED_SELECTOR = YES;
				GCC_WARN_UNINITIALIZED_AUTOS = YES_AGGRESSIVE;
				GCC_WARN_UNUSED_FUNCTION = YES;
				GCC_WARN_UNUSED_VARIABLE = YES;
				IPHONEOS_DEPLOYMENT_TARGET = 17.4;
				LOCALIZATION_PREFERS_STRING_CATALOGS = YES;
				MTL_ENABLE_DEBUG_INFO = NO;
				MTL_FAST_MATH = YES;
				SDKROOT = iphoneos;
				SWIFT_COMPILATION_MODE = wholemodule;
				VALIDATE_PRODUCT = YES;
			};
			name = Release;
		};
		07261B072BBDDC58003581E4 /* Debug */ = {
			isa = XCBuildConfiguration;
			baseConfigurationReference = D88EBF3A68D9DE80D286EEB0 /* Pods-AesWebViewSample.debug.xcconfig */;
			buildSettings = {
				ASSETCATALOG_COMPILER_APPICON_NAME = AppIcon;
				ASSETCATALOG_COMPILER_GLOBAL_ACCENT_COLOR_NAME = AccentColor;
				CODE_SIGN_STYLE = Automatic;
				CURRENT_PROJECT_VERSION = 1;
				DEVELOPMENT_TEAM = 7MH2QL2CTT;
				GENERATE_INFOPLIST_FILE = YES;
				INFOPLIST_FILE = AesWebViewSample/Resources/Info.plist;
				INFOPLIST_KEY_UIApplicationSupportsIndirectInputEvents = YES;
				INFOPLIST_KEY_UILaunchStoryboardName = LaunchScreen;
				INFOPLIST_KEY_UISupportedInterfaceOrientations_iPad = "UIInterfaceOrientationPortrait UIInterfaceOrientationPortraitUpsideDown UIInterfaceOrientationLandscapeLeft UIInterfaceOrientationLandscapeRight";
				INFOPLIST_KEY_UISupportedInterfaceOrientations_iPhone = "UIInterfaceOrientationPortrait UIInterfaceOrientationLandscapeLeft UIInterfaceOrientationLandscapeRight";
				LD_RUNPATH_SEARCH_PATHS = (
					"$(inherited)",
					"@executable_path/Frameworks",
				);
				MARKETING_VERSION = 1.0;
				PRODUCT_BUNDLE_IDENTIFIER = "tech.code-studios.AesWebViewSample";
				PRODUCT_NAME = "$(TARGET_NAME)";
				SWIFT_EMIT_LOC_STRINGS = YES;
				SWIFT_VERSION = 5.0;
				TARGETED_DEVICE_FAMILY = "1,2";
			};
			name = Debug;
		};
		07261B082BBDDC58003581E4 /* Release */ = {
			isa = XCBuildConfiguration;
			baseConfigurationReference = FAB8F4BE7662776DBC765BA8 /* Pods-AesWebViewSample.release.xcconfig */;
			buildSettings = {
				ASSETCATALOG_COMPILER_APPICON_NAME = AppIcon;
				ASSETCATALOG_COMPILER_GLOBAL_ACCENT_COLOR_NAME = AccentColor;
				CODE_SIGN_STYLE = Automatic;
				CURRENT_PROJECT_VERSION = 1;
				DEVELOPMENT_TEAM = 7MH2QL2CTT;
				GENERATE_INFOPLIST_FILE = YES;
				INFOPLIST_FILE = AesWebViewSample/Resources/Info.plist;
				INFOPLIST_KEY_UIApplicationSupportsIndirectInputEvents = YES;
				INFOPLIST_KEY_UILaunchStoryboardName = LaunchScreen;
				INFOPLIST_KEY_UISupportedInterfaceOrientations_iPad = "UIInterfaceOrientationPortrait UIInterfaceOrientationPortraitUpsideDown UIInterfaceOrientationLandscapeLeft UIInterfaceOrientationLandscapeRight";
				INFOPLIST_KEY_UISupportedInterfaceOrientations_iPhone = "UIInterfaceOrientationPortrait UIInterfaceOrientationLandscapeLeft UIInterfaceOrientationLandscapeRight";
				LD_RUNPATH_SEARCH_PATHS = (
					"$(inherited)",
					"@executable_path/Frameworks",
				);
				MARKETING_VERSION = 1.0;
				PRODUCT_BUNDLE_IDENTIFIER = "tech.code-studios.AesWebViewSample";
				PRODUCT_NAME = "$(TARGET_NAME)";
				SWIFT_EMIT_LOC_STRINGS = YES;
				SWIFT_VERSION = 5.0;
				TARGETED_DEVICE_FAMILY = "1,2";
			};
			name = Release;
		};
		07261B0A2BBDDC58003581E4 /* Debug */ = {
			isa = XCBuildConfiguration;
			baseConfigurationReference = 125BD110152FE356D8AC4DA2 /* Pods-AesWebViewSampleTests.debug.xcconfig */;
			buildSettings = {
				ALWAYS_EMBED_SWIFT_STANDARD_LIBRARIES = YES;
				BUNDLE_LOADER = "$(TEST_HOST)";
				CODE_SIGN_STYLE = Automatic;
				CURRENT_PROJECT_VERSION = 1;
				GENERATE_INFOPLIST_FILE = YES;
				IPHONEOS_DEPLOYMENT_TARGET = 17.4;
				MARKETING_VERSION = 1.0;
				PRODUCT_BUNDLE_IDENTIFIER = "tech.code-studios.AesWebViewSampleTests";
				PRODUCT_NAME = "$(TARGET_NAME)";
				SWIFT_EMIT_LOC_STRINGS = NO;
				SWIFT_VERSION = 5.0;
				TARGETED_DEVICE_FAMILY = "1,2";
				TEST_HOST = "$(BUILT_PRODUCTS_DIR)/AesWebViewSample.app/$(BUNDLE_EXECUTABLE_FOLDER_PATH)/AesWebViewSample";
			};
			name = Debug;
		};
		07261B0B2BBDDC58003581E4 /* Release */ = {
			isa = XCBuildConfiguration;
			baseConfigurationReference = 9CBAC1CB36BFCAF737CE65DD /* Pods-AesWebViewSampleTests.release.xcconfig */;
			buildSettings = {
				ALWAYS_EMBED_SWIFT_STANDARD_LIBRARIES = YES;
				BUNDLE_LOADER = "$(TEST_HOST)";
				CODE_SIGN_STYLE = Automatic;
				CURRENT_PROJECT_VERSION = 1;
				GENERATE_INFOPLIST_FILE = YES;
				IPHONEOS_DEPLOYMENT_TARGET = 17.4;
				MARKETING_VERSION = 1.0;
				PRODUCT_BUNDLE_IDENTIFIER = "tech.code-studios.AesWebViewSampleTests";
				PRODUCT_NAME = "$(TARGET_NAME)";
				SWIFT_EMIT_LOC_STRINGS = NO;
				SWIFT_VERSION = 5.0;
				TARGETED_DEVICE_FAMILY = "1,2";
				TEST_HOST = "$(BUILT_PRODUCTS_DIR)/AesWebViewSample.app/$(BUNDLE_EXECUTABLE_FOLDER_PATH)/AesWebViewSample";
			};
			name = Release;
		};
		07261B0D2BBDDC58003581E4 /* Debug */ = {
			isa = XCBuildConfiguration;
			baseConfigurationReference = 94AEC3C5FAFD56E7361E544A /* Pods-AesWebViewSample-AesWebViewSampleUITests.debug.xcconfig */;
			buildSettings = {
				ALWAYS_EMBED_SWIFT_STANDARD_LIBRARIES = YES;
				CODE_SIGN_STYLE = Automatic;
				CURRENT_PROJECT_VERSION = 1;
				GENERATE_INFOPLIST_FILE = YES;
				MARKETING_VERSION = 1.0;
				PRODUCT_BUNDLE_IDENTIFIER = "tech.code-studios.AesWebViewSampleUITests";
				PRODUCT_NAME = "$(TARGET_NAME)";
				SWIFT_EMIT_LOC_STRINGS = NO;
				SWIFT_VERSION = 5.0;
				TARGETED_DEVICE_FAMILY = "1,2";
				TEST_TARGET_NAME = AesWebViewSample;
			};
			name = Debug;
		};
		07261B0E2BBDDC58003581E4 /* Release */ = {
			isa = XCBuildConfiguration;
			baseConfigurationReference = C825DDABD81443155172610F /* Pods-AesWebViewSample-AesWebViewSampleUITests.release.xcconfig */;
			buildSettings = {
				ALWAYS_EMBED_SWIFT_STANDARD_LIBRARIES = YES;
				CODE_SIGN_STYLE = Automatic;
				CURRENT_PROJECT_VERSION = 1;
				GENERATE_INFOPLIST_FILE = YES;
				MARKETING_VERSION = 1.0;
				PRODUCT_BUNDLE_IDENTIFIER = "tech.code-studios.AesWebViewSampleUITests";
				PRODUCT_NAME = "$(TARGET_NAME)";
				SWIFT_EMIT_LOC_STRINGS = NO;
				SWIFT_VERSION = 5.0;
				TARGETED_DEVICE_FAMILY = "1,2";
				TEST_TARGET_NAME = AesWebViewSample;
			};
			name = Release;
		};
/* End XCBuildConfiguration section */

/* Begin XCConfigurationList section */
		07261AD72BBDDC55003581E4 /* Build configuration list for PBXProject "AesWebViewSample" */ = {
			isa = XCConfigurationList;
			buildConfigurations = (
				07261B042BBDDC58003581E4 /* Debug */,
				07261B052BBDDC58003581E4 /* Release */,
			);
			defaultConfigurationIsVisible = 0;
			defaultConfigurationName = Release;
		};
		07261B062BBDDC58003581E4 /* Build configuration list for PBXNativeTarget "AesWebViewSample" */ = {
			isa = XCConfigurationList;
			buildConfigurations = (
				07261B072BBDDC58003581E4 /* Debug */,
				07261B082BBDDC58003581E4 /* Release */,
			);
			defaultConfigurationIsVisible = 0;
			defaultConfigurationName = Release;
		};
		07261B092BBDDC58003581E4 /* Build configuration list for PBXNativeTarget "AesWebViewSampleTests" */ = {
			isa = XCConfigurationList;
			buildConfigurations = (
				07261B0A2BBDDC58003581E4 /* Debug */,
				07261B0B2BBDDC58003581E4 /* Release */,
			);
			defaultConfigurationIsVisible = 0;
			defaultConfigurationName = Release;
		};
		07261B0C2BBDDC58003581E4 /* Build configuration list for PBXNativeTarget "AesWebViewSampleUITests" */ = {
			isa = XCConfigurationList;
			buildConfigurations = (
				07261B0D2BBDDC58003581E4 /* Debug */,
				07261B0E2BBDDC58003581E4 /* Release */,
			);
			defaultConfigurationIsVisible = 0;
			defaultConfigurationName = Release;
		};
/* End XCConfigurationList section */
	};
	rootObject = 07261AD42BBDDC55003581E4 /* Project object */;
}
